# THIS IS AN AUTOGENERATED FILE. DO NOT EDIT THIS FILE DIRECTLY.
# yarn lockfile v1


systeminformation@^5.7.8:
  version "5.7.8"
  resolved "https://registry.yarnpkg.com/systeminformation/-/systeminformation-5.7.8.tgz#92bea0b28f3a04c5b3a9791ba34313ec6cdd8cb3"
  integrity sha512-gpFGDPtOtWDxMaQ6/7oe2XM/4ErgSvev1l3sdxChnm1AqDJKzZ3cu+VK7Dq1N02pChPiNNsIbUwe6dCLixfWRg==
